PODS:
  - ZFSegmentView (0.0.2)

DEPENDENCIES:
  - ZFSegmentView (from `../ZFSegmentView.podspec`)

EXTERNAL SOURCES:
  ZFSegmentView:
    :path: "../ZFSegmentView.podspec"

SPEC CHECKSUMS:
  ZFSegmentView: 3da8b0dea107d1daaa666ea2988bf5c31f3e266a

PODFILE CHECKSUM: b3f7b998a0546be25f1fcd11ebcc47018d2b32be

COCOAPODS: 1.1.1
