PODS:
  - ZFSegmentView (0.0.4)

DEPENDENCIES:
  - ZFSegmentView (from `../ZFSegmentView.podspec`)

EXTERNAL SOURCES:
  ZFSegmentView:
    :path: "../ZFSegmentView.podspec"

SPEC CHECKSUMS:
  ZFSegmentView: 5fab7d208fd18535773a5840d3b43a6a3dee1c71

PODFILE CHECKSUM: cbd20666589e3ede0c4b11a30f945df491782abf

COCOAPODS: 1.9.1
